
Microsoft Visual Studio Solution File, Format Version 11.00
# Visual Studio 2010
Project("{FAE04EC0-301F-11D3-BF4B-00C04F79EFBC}") = "Mapack", "Mapack.csproj", "{C38E0A85-1D89-48C6-A3C6-5A94DE6B4B8D}"
EndProject
Project("{FAE04EC0-301F-11D3-BF4B-00C04F79EFBC}") = "Example", "..\Example\Example.csproj", "{BDE43CA4-10B2-4014-9B45-4F7947F9A7E8}"
EndProject
Global
	GlobalSection(SolutionConfigurationPlatforms) = preSolution
		Debug|Any CPU = Debug|Any CPU
		Debug|Mixed Platforms = Debug|Mixed Platforms
		Debug|x86 = Debug|x86
		Release|Any CPU = Release|Any CPU
		Release|Mixed Platforms = Release|Mixed Platforms
		Release|x86 = Release|x86
	EndGlobalSection
	GlobalSection(ProjectConfigurationPlatforms) = postSolution
		{C38E0A85-1D89-48C6-A3C6-5A94DE6B4B8D}.Debug|Any CPU.ActiveCfg = Debug|Any CPU
		{C38E0A85-1D89-48C6-A3C6-5A94DE6B4B8D}.Debug|Any CPU.Build.0 = Debug|Any CPU
		{C38E0A85-1D89-48C6-A3C6-5A94DE6B4B8D}.Debug|Mixed Platforms.ActiveCfg = Debug|Any CPU
		{C38E0A85-1D89-48C6-A3C6-5A94DE6B4B8D}.Debug|Mixed Platforms.Build.0 = Debug|Any CPU
		{C38E0A85-1D89-48C6-A3C6-5A94DE6B4B8D}.Debug|x86.ActiveCfg = Debug|Any CPU
		{C38E0A85-1D89-48C6-A3C6-5A94DE6B4B8D}.Release|Any CPU.ActiveCfg = Release|Any CPU
		{C38E0A85-1D89-48C6-A3C6-5A94DE6B4B8D}.Release|Any CPU.Build.0 = Release|Any CPU
		{C38E0A85-1D89-48C6-A3C6-5A94DE6B4B8D}.Release|Mixed Platforms.ActiveCfg = Release|Any CPU
		{C38E0A85-1D89-48C6-A3C6-5A94DE6B4B8D}.Release|Mixed Platforms.Build.0 = Release|Any CPU
		{C38E0A85-1D89-48C6-A3C6-5A94DE6B4B8D}.Release|x86.ActiveCfg = Release|Any CPU
		{BDE43CA4-10B2-4014-9B45-4F7947F9A7E8}.Debug|Any CPU.ActiveCfg = Debug|x86
		{BDE43CA4-10B2-4014-9B45-4F7947F9A7E8}.Debug|Mixed Platforms.ActiveCfg = Debug|x86
		{BDE43CA4-10B2-4014-9B45-4F7947F9A7E8}.Debug|Mixed Platforms.Build.0 = Debug|x86
		{BDE43CA4-10B2-4014-9B45-4F7947F9A7E8}.Debug|x86.ActiveCfg = Debug|x86
		{BDE43CA4-10B2-4014-9B45-4F7947F9A7E8}.Debug|x86.Build.0 = Debug|x86
		{BDE43CA4-10B2-4014-9B45-4F7947F9A7E8}.Release|Any CPU.ActiveCfg = Release|x86
		{BDE43CA4-10B2-4014-9B45-4F7947F9A7E8}.Release|Mixed Platforms.ActiveCfg = Release|x86
		{BDE43CA4-10B2-4014-9B45-4F7947F9A7E8}.Release|Mixed Platforms.Build.0 = Release|x86
		{BDE43CA4-10B2-4014-9B45-4F7947F9A7E8}.Release|x86.ActiveCfg = Release|x86
		{BDE43CA4-10B2-4014-9B45-4F7947F9A7E8}.Release|x86.Build.0 = Release|x86
	EndGlobalSection
	GlobalSection(SolutionProperties) = preSolution
		HideSolutionNode = FALSE
	EndGlobalSection
EndGlobal
